
Microsoft Visual Studio Solution File, Format Version 12.00
# Visual Studio Version 16
VisualStudioVersion = 16.0.30523.141
MinimumVisualStudioVersion = 10.0.40219.1
Project("{FAE04EC0-301F-11D3-BF4B-00C04F79EFBC}") = "JsNodes", "JsNodes\JsNodes.csproj", "{5D832B3D-4B8D-47CE-9FDD-0A859BD9B2EB}"
EndProject
Project("{FAE04EC0-301F-11D3-BF4B-00C04F79EFBC}") = "UnitTestProject1", "UnitTestProject1\UnitTestProject1.csproj", "{764FBA24-CD9F-4FC6-B948-BE5259C9C1D0}"
EndProject
Global
	GlobalSection(SolutionConfigurationPlatforms) = preSolution
		Debug|Any CPU = Debug|Any CPU
		Release|Any CPU = Release|Any CPU
	EndGlobalSection
	GlobalSection(ProjectConfigurationPlatforms) = postSolution
		{5D832B3D-4B8D-47CE-9FDD-0A859BD9B2EB}.Debug|Any CPU.ActiveCfg = Debug|Any CPU
		{5D832B3D-4B8D-47CE-9FDD-0A859BD9B2EB}.Debug|Any CPU.Build.0 = Debug|Any CPU
		{5D832B3D-4B8D-47CE-9FDD-0A859BD9B2EB}.Release|Any CPU.ActiveCfg = Release|Any CPU
		{5D832B3D-4B8D-47CE-9FDD-0A859BD9B2EB}.Release|Any CPU.Build.0 = Release|Any CPU
		{764FBA24-CD9F-4FC6-B948-BE5259C9C1D0}.Debug|Any CPU.ActiveCfg = Debug|Any CPU
		{764FBA24-CD9F-4FC6-B948-BE5259C9C1D0}.Debug|Any CPU.Build.0 = Debug|Any CPU
		{764FBA24-CD9F-4FC6-B948-BE5259C9C1D0}.Release|Any CPU.ActiveCfg = Release|Any CPU
		{764FBA24-CD9F-4FC6-B948-BE5259C9C1D0}.Release|Any CPU.Build.0 = Release|Any CPU
	EndGlobalSection
	GlobalSection(SolutionProperties) = preSolution
		HideSolutionNode = FALSE
	EndGlobalSection
	GlobalSection(ExtensibilityGlobals) = postSolution
		SolutionGuid = {071B898B-5ECB-4B15-B29F-8B2DAF411098}
	EndGlobalSection
EndGlobal
